
Microsoft Visual Studio Solution File, Format Version 12.00
# Visual Studio Version 17
VisualStudioVersion = 17.7.34031.279
MinimumVisualStudioVersion = 10.0.40219.1
Project("{9A19103F-16F7-4668-BE54-9A1E7A4F7556}") = "Exercicios Esteban", "Exercicios Esteban\Exercicios Esteban.csproj", "{9070EE8E-E58F-434E-B13E-65134A4F5B34}"
EndProject
Project("{FAE04EC0-301F-11D3-BF4B-00C04F79EFBC}") = "Exercicios  2", "Exercicios  2\Exercicios  2.csproj", "{6B7A305E-83F3-4768-949C-23D89C86D4B9}"
EndProject
Project("{FAE04EC0-301F-11D3-BF4B-00C04F79EFBC}") = "Exercicio 3", "Exercicio 3\Exercicio 3.csproj", "{C45FC1CA-2B80-4256-ABC0-01F2268A9CD5}"
EndProject
Global
	GlobalSection(SolutionConfigurationPlatforms) = preSolution
		Debug|Any CPU = Debug|Any CPU
		Release|Any CPU = Release|Any CPU
	EndGlobalSection
	GlobalSection(ProjectConfigurationPlatforms) = postSolution
		{9070EE8E-E58F-434E-B13E-65134A4F5B34}.Debug|Any CPU.ActiveCfg = Debug|Any CPU
		{9070EE8E-E58F-434E-B13E-65134A4F5B34}.Debug|Any CPU.Build.0 = Debug|Any CPU
		{9070EE8E-E58F-434E-B13E-65134A4F5B34}.Release|Any CPU.ActiveCfg = Release|Any CPU
		{9070EE8E-E58F-434E-B13E-65134A4F5B34}.Release|Any CPU.Build.0 = Release|Any CPU
		{6B7A305E-83F3-4768-949C-23D89C86D4B9}.Debug|Any CPU.ActiveCfg = Debug|Any CPU
		{6B7A305E-83F3-4768-949C-23D89C86D4B9}.Debug|Any CPU.Build.0 = Debug|Any CPU
		{6B7A305E-83F3-4768-949C-23D89C86D4B9}.Release|Any CPU.ActiveCfg = Release|Any CPU
		{6B7A305E-83F3-4768-949C-23D89C86D4B9}.Release|Any CPU.Build.0 = Release|Any CPU
		{C45FC1CA-2B80-4256-ABC0-01F2268A9CD5}.Debug|Any CPU.ActiveCfg = Debug|Any CPU
		{C45FC1CA-2B80-4256-ABC0-01F2268A9CD5}.Debug|Any CPU.Build.0 = Debug|Any CPU
		{C45FC1CA-2B80-4256-ABC0-01F2268A9CD5}.Release|Any CPU.ActiveCfg = Release|Any CPU
		{C45FC1CA-2B80-4256-ABC0-01F2268A9CD5}.Release|Any CPU.Build.0 = Release|Any CPU
	EndGlobalSection
	GlobalSection(SolutionProperties) = preSolution
		HideSolutionNode = FALSE
	EndGlobalSection
	GlobalSection(ExtensibilityGlobals) = postSolution
		SolutionGuid = {17CC956F-15E8-4459-B479-9A799204B732}
	EndGlobalSection
EndGlobal
